
Microsoft Visual Studio Solution File, Format Version 12.00
# Visual Studio Version 17
VisualStudioVersion = 17.5.002.0
MinimumVisualStudioVersion = 10.0.40219.1
Project("{9A19103F-16F7-4668-BE54-9A1E7A4F7556}") = "Gamestore.Frontend", "Gamestore.Frontend.csproj", "{B13823D0-B3B6-4FA2-91F1-A938C7BFFD43}"
EndProject
Global
	GlobalSection(SolutionConfigurationPlatforms) = preSolution
		Debug|Any CPU = Debug|Any CPU
		Release|Any CPU = Release|Any CPU
	EndGlobalSection
	GlobalSection(ProjectConfigurationPlatforms) = postSolution
		{B13823D0-B3B6-4FA2-91F1-A938C7BFFD43}.Debug|Any CPU.ActiveCfg = Debug|Any CPU
		{B13823D0-B3B6-4FA2-91F1-A938C7BFFD43}.Debug|Any CPU.Build.0 = Debug|Any CPU
		{B13823D0-B3B6-4FA2-91F1-A938C7BFFD43}.Release|Any CPU.ActiveCfg = Release|Any CPU
		{B13823D0-B3B6-4FA2-91F1-A938C7BFFD43}.Release|Any CPU.Build.0 = Release|Any CPU
	EndGlobalSection
	GlobalSection(SolutionProperties) = preSolution
		HideSolutionNode = FALSE
	EndGlobalSection
	GlobalSection(ExtensibilityGlobals) = postSolution
		SolutionGuid = {40B79B6E-06A5-4048-AE89-DBA6719CD8A3}
	EndGlobalSection
EndGlobal
